
Microsoft Visual Studio Solution File, Format Version 12.00
# Visual Studio Version 17
VisualStudioVersion = 17.5.33516.290
MinimumVisualStudioVersion = 10.0.40219.1
Project("{FAE04EC0-301F-11D3-BF4B-00C04F79EFBC}") = "Assignment", "Assignment\Assignment.csproj", "{18FB98DD-CFEA-453E-8AFF-8195E1B58C9A}"
EndProject
Global
	GlobalSection(SolutionConfigurationPlatforms) = preSolution
		Debug|Any CPU = Debug|Any CPU
		Release|Any CPU = Release|Any CPU
	EndGlobalSection
	GlobalSection(ProjectConfigurationPlatforms) = postSolution
		{18FB98DD-CFEA-453E-8AFF-8195E1B58C9A}.Debug|Any CPU.ActiveCfg = Debug|Any CPU
		{18FB98DD-CFEA-453E-8AFF-8195E1B58C9A}.Debug|Any CPU.Build.0 = Debug|Any CPU
		{18FB98DD-CFEA-453E-8AFF-8195E1B58C9A}.Release|Any CPU.ActiveCfg = Release|Any CPU
		{18FB98DD-CFEA-453E-8AFF-8195E1B58C9A}.Release|Any CPU.Build.0 = Release|Any CPU
	EndGlobalSection
	GlobalSection(SolutionProperties) = preSolution
		HideSolutionNode = FALSE
	EndGlobalSection
	GlobalSection(ExtensibilityGlobals) = postSolution
		SolutionGuid = {2DCBB708-7664-42B3-91B9-9F6AAF50CAD7}
	EndGlobalSection
EndGlobal
